
Microsoft Visual Studio Solution File, Format Version 12.00
# Visual Studio 15
VisualStudioVersion = 15.0.27703.2026
MinimumVisualStudioVersion = 10.0.40219.1
Project("{FAE04EC0-301F-11D3-BF4B-00C04F79EFBC}") = "ICD_Selenium_Web_Driver", "ICD_Selenium_Web_Driver\ICD_Selenium_Web_Driver.csproj", "{A253A432-1C00-4ABD-B48D-7F16E1E849D7}"
EndProject
Project("{FAE04EC0-301F-11D3-BF4B-00C04F79EFBC}") = "ICDSearch.Specs", "ICDSearch.Specs\ICDSearch.Specs.csproj", "{1A0FFBF0-954A-41D8-8ECC-50ECEB019485}"
EndProject
Global
	GlobalSection(SolutionConfigurationPlatforms) = preSolution
		Debug|Any CPU = Debug|Any CPU
		Debug|ARM = Debug|ARM
		Debug|x64 = Debug|x64
		Debug|x86 = Debug|x86
		Release|Any CPU = Release|Any CPU
		Release|ARM = Release|ARM
		Release|x64 = Release|x64
		Release|x86 = Release|x86
	EndGlobalSection
	GlobalSection(ProjectConfigurationPlatforms) = postSolution
		{A253A432-1C00-4ABD-B48D-7F16E1E849D7}.Debug|Any CPU.ActiveCfg = Debug|Any CPU
		{A253A432-1C00-4ABD-B48D-7F16E1E849D7}.Debug|Any CPU.Build.0 = Debug|Any CPU
		{A253A432-1C00-4ABD-B48D-7F16E1E849D7}.Debug|ARM.ActiveCfg = Debug|Any CPU
		{A253A432-1C00-4ABD-B48D-7F16E1E849D7}.Debug|ARM.Build.0 = Debug|Any CPU
		{A253A432-1C00-4ABD-B48D-7F16E1E849D7}.Debug|x64.ActiveCfg = Debug|Any CPU
		{A253A432-1C00-4ABD-B48D-7F16E1E849D7}.Debug|x64.Build.0 = Debug|Any CPU
		{A253A432-1C00-4ABD-B48D-7F16E1E849D7}.Debug|x86.ActiveCfg = Debug|Any CPU
		{A253A432-1C00-4ABD-B48D-7F16E1E849D7}.Debug|x86.Build.0 = Debug|Any CPU
		{A253A432-1C00-4ABD-B48D-7F16E1E849D7}.Release|Any CPU.ActiveCfg = Release|Any CPU
		{A253A432-1C00-4ABD-B48D-7F16E1E849D7}.Release|Any CPU.Build.0 = Release|Any CPU
		{A253A432-1C00-4ABD-B48D-7F16E1E849D7}.Release|ARM.ActiveCfg = Release|Any CPU
		{A253A432-1C00-4ABD-B48D-7F16E1E849D7}.Release|ARM.Build.0 = Release|Any CPU
		{A253A432-1C00-4ABD-B48D-7F16E1E849D7}.Release|x64.ActiveCfg = Release|Any CPU
		{A253A432-1C00-4ABD-B48D-7F16E1E849D7}.Release|x64.Build.0 = Release|Any CPU
		{A253A432-1C00-4ABD-B48D-7F16E1E849D7}.Release|x86.ActiveCfg = Release|Any CPU
		{A253A432-1C00-4ABD-B48D-7F16E1E849D7}.Release|x86.Build.0 = Release|Any CPU
		{1A0FFBF0-954A-41D8-8ECC-50ECEB019485}.Debug|Any CPU.ActiveCfg = Debug|Any CPU
		{1A0FFBF0-954A-41D8-8ECC-50ECEB019485}.Debug|Any CPU.Build.0 = Debug|Any CPU
		{1A0FFBF0-954A-41D8-8ECC-50ECEB019485}.Debug|ARM.ActiveCfg = Debug|Any CPU
		{1A0FFBF0-954A-41D8-8ECC-50ECEB019485}.Debug|ARM.Build.0 = Debug|Any CPU
		{1A0FFBF0-954A-41D8-8ECC-50ECEB019485}.Debug|x64.ActiveCfg = Debug|Any CPU
		{1A0FFBF0-954A-41D8-8ECC-50ECEB019485}.Debug|x64.Build.0 = Debug|Any CPU
		{1A0FFBF0-954A-41D8-8ECC-50ECEB019485}.Debug|x86.ActiveCfg = Debug|Any CPU
		{1A0FFBF0-954A-41D8-8ECC-50ECEB019485}.Debug|x86.Build.0 = Debug|Any CPU
		{1A0FFBF0-954A-41D8-8ECC-50ECEB019485}.Release|Any CPU.ActiveCfg = Release|Any CPU
		{1A0FFBF0-954A-41D8-8ECC-50ECEB019485}.Release|Any CPU.Build.0 = Release|Any CPU
		{1A0FFBF0-954A-41D8-8ECC-50ECEB019485}.Release|ARM.ActiveCfg = Release|Any CPU
		{1A0FFBF0-954A-41D8-8ECC-50ECEB019485}.Release|ARM.Build.0 = Release|Any CPU
		{1A0FFBF0-954A-41D8-8ECC-50ECEB019485}.Release|x64.ActiveCfg = Release|Any CPU
		{1A0FFBF0-954A-41D8-8ECC-50ECEB019485}.Release|x64.Build.0 = Release|Any CPU
		{1A0FFBF0-954A-41D8-8ECC-50ECEB019485}.Release|x86.ActiveCfg = Release|Any CPU
		{1A0FFBF0-954A-41D8-8ECC-50ECEB019485}.Release|x86.Build.0 = Release|Any CPU
	EndGlobalSection
	GlobalSection(SolutionProperties) = preSolution
		HideSolutionNode = FALSE
	EndGlobalSection
	GlobalSection(ExtensibilityGlobals) = postSolution
		SolutionGuid = {B990A69A-7F61-4D99-B6B2-1F5C99539AD5}
	EndGlobalSection
EndGlobal
